
Microsoft Visual Studio Solution File, Format Version 12.00
# Visual Studio Version 17
VisualStudioVersion = 17.8.34330.188
MinimumVisualStudioVersion = 10.0.40219.1
Project("{9A19103F-16F7-4668-BE54-9A1E7A4F7556}") = "ChallengeApp", "ChallengeApp\ChallengeApp.csproj", "{46E1045B-98F2-4195-865E-C07FD1BD5B88}"
EndProject
Project("{FAE04EC0-301F-11D3-BF4B-00C04F79EFBC}") = "ChallengeApp.Tests", "ChallengeApp.Tests\ChallengeApp.Tests.csproj", "{82B6C827-74F4-4B6E-8C35-3A27802385A0}"
EndProject
Global
	GlobalSection(SolutionConfigurationPlatforms) = preSolution
		Debug|Any CPU = Debug|Any CPU
		Release|Any CPU = Release|Any CPU
	EndGlobalSection
	GlobalSection(ProjectConfigurationPlatforms) = postSolution
		{46E1045B-98F2-4195-865E-C07FD1BD5B88}.Debug|Any CPU.ActiveCfg = Debug|Any CPU
		{46E1045B-98F2-4195-865E-C07FD1BD5B88}.Debug|Any CPU.Build.0 = Debug|Any CPU
		{46E1045B-98F2-4195-865E-C07FD1BD5B88}.Release|Any CPU.ActiveCfg = Release|Any CPU
		{46E1045B-98F2-4195-865E-C07FD1BD5B88}.Release|Any CPU.Build.0 = Release|Any CPU
		{82B6C827-74F4-4B6E-8C35-3A27802385A0}.Debug|Any CPU.ActiveCfg = Debug|Any CPU
		{82B6C827-74F4-4B6E-8C35-3A27802385A0}.Debug|Any CPU.Build.0 = Debug|Any CPU
		{82B6C827-74F4-4B6E-8C35-3A27802385A0}.Release|Any CPU.ActiveCfg = Release|Any CPU
		{82B6C827-74F4-4B6E-8C35-3A27802385A0}.Release|Any CPU.Build.0 = Release|Any CPU
	EndGlobalSection
	GlobalSection(SolutionProperties) = preSolution
		HideSolutionNode = FALSE
	EndGlobalSection
	GlobalSection(ExtensibilityGlobals) = postSolution
		SolutionGuid = {FECD27FA-5781-4174-BEFC-EBA0EEC10AD4}
	EndGlobalSection
EndGlobal
